
Microsoft Visual Studio Solution File, Format Version 12.00
# Visual Studio Version 17
VisualStudioVersion = 17.3.32929.385
MinimumVisualStudioVersion = 10.0.40219.1
Project("{FAE04EC0-301F-11D3-BF4B-00C04F79EFBC}") = "Задачи с массивами", "Задачи с массивами.csproj", "{15744B31-B533-47D9-B517-98FEEC2710FA}"
EndProject
Global
	GlobalSection(SolutionConfigurationPlatforms) = preSolution
		Debug|Any CPU = Debug|Any CPU
		Release|Any CPU = Release|Any CPU
	EndGlobalSection
	GlobalSection(ProjectConfigurationPlatforms) = postSolution
		{15744B31-B533-47D9-B517-98FEEC2710FA}.Debug|Any CPU.ActiveCfg = Debug|Any CPU
		{15744B31-B533-47D9-B517-98FEEC2710FA}.Debug|Any CPU.Build.0 = Debug|Any CPU
		{15744B31-B533-47D9-B517-98FEEC2710FA}.Release|Any CPU.ActiveCfg = Release|Any CPU
		{15744B31-B533-47D9-B517-98FEEC2710FA}.Release|Any CPU.Build.0 = Release|Any CPU
	EndGlobalSection
	GlobalSection(SolutionProperties) = preSolution
		HideSolutionNode = FALSE
	EndGlobalSection
	GlobalSection(ExtensibilityGlobals) = postSolution
		SolutionGuid = {924D1DD7-6232-4DC1-84A5-5CAAE3D1A36E}
	EndGlobalSection
EndGlobal
